
Microsoft Visual Studio Solution File, Format Version 12.00
# Visual Studio Version 16
VisualStudioVersion = 16.0.30225.117
MinimumVisualStudioVersion = 10.0.40219.1
Project("{FAE04EC0-301F-11D3-BF4B-00C04F79EFBC}") = "Upload.web", "sandbox.web\Upload.web.csproj", "{1ED6B564-7439-4081-9615-25ACCB263515}"
EndProject
Project("{FAE04EC0-301F-11D3-BF4B-00C04F79EFBC}") = "Upload.library", "sandbox.library\Upload.library.csproj", "{5898DA4A-BA3E-4C67-AF10-9AE0EF9D39E3}"
EndProject
Global
	GlobalSection(SolutionConfigurationPlatforms) = preSolution
		Debug|Any CPU = Debug|Any CPU
		Release|Any CPU = Release|Any CPU
	EndGlobalSection
	GlobalSection(ProjectConfigurationPlatforms) = postSolution
		{1ED6B564-7439-4081-9615-25ACCB263515}.Debug|Any CPU.ActiveCfg = Debug|Any CPU
		{1ED6B564-7439-4081-9615-25ACCB263515}.Debug|Any CPU.Build.0 = Debug|Any CPU
		{1ED6B564-7439-4081-9615-25ACCB263515}.Release|Any CPU.ActiveCfg = Release|Any CPU
		{1ED6B564-7439-4081-9615-25ACCB263515}.Release|Any CPU.Build.0 = Release|Any CPU
		{5898DA4A-BA3E-4C67-AF10-9AE0EF9D39E3}.Debug|Any CPU.ActiveCfg = Debug|Any CPU
		{5898DA4A-BA3E-4C67-AF10-9AE0EF9D39E3}.Debug|Any CPU.Build.0 = Debug|Any CPU
		{5898DA4A-BA3E-4C67-AF10-9AE0EF9D39E3}.Release|Any CPU.ActiveCfg = Release|Any CPU
		{5898DA4A-BA3E-4C67-AF10-9AE0EF9D39E3}.Release|Any CPU.Build.0 = Release|Any CPU
	EndGlobalSection
	GlobalSection(SolutionProperties) = preSolution
		HideSolutionNode = FALSE
	EndGlobalSection
	GlobalSection(ExtensibilityGlobals) = postSolution
		SolutionGuid = {8C0CA7E4-6229-400B-B3F6-C46FBDE915B2}
	EndGlobalSection
EndGlobal
